
Microsoft Visual Studio Solution File, Format Version 12.00
# Visual Studio Version 17
VisualStudioVersion = 17.7.34031.279
MinimumVisualStudioVersion = 10.0.40219.1
Project("{FAE04EC0-301F-11D3-BF4B-00C04F79EFBC}") = "FinanceApp", "FinanceApp\FinanceApp.csproj", "{2A6707DB-0856-4459-8618-A8B9D5D29E2D}"
EndProject
Global
	GlobalSection(SolutionConfigurationPlatforms) = preSolution
		Debug|Any CPU = Debug|Any CPU
		Release|Any CPU = Release|Any CPU
	EndGlobalSection
	GlobalSection(ProjectConfigurationPlatforms) = postSolution
		{2A6707DB-0856-4459-8618-A8B9D5D29E2D}.Debug|Any CPU.ActiveCfg = Debug|Any CPU
		{2A6707DB-0856-4459-8618-A8B9D5D29E2D}.Debug|Any CPU.Build.0 = Debug|Any CPU
		{2A6707DB-0856-4459-8618-A8B9D5D29E2D}.Release|Any CPU.ActiveCfg = Release|Any CPU
		{2A6707DB-0856-4459-8618-A8B9D5D29E2D}.Release|Any CPU.Build.0 = Release|Any CPU
	EndGlobalSection
	GlobalSection(SolutionProperties) = preSolution
		HideSolutionNode = FALSE
	EndGlobalSection
	GlobalSection(ExtensibilityGlobals) = postSolution
		SolutionGuid = {46920B50-80FD-4EAF-9C14-CA98416B11A2}
	EndGlobalSection
EndGlobal
